{
  "name": "lending_master",
  "version": "1.0.0",
  "lockfileVersion": 1,
  "requires": true,
  "dependencies": {
    "vue-cordova": {
      "version": "0.1.2",
      "resolved": "https://registry.npmjs.org/vue-cordova/-/vue-cordova-0.1.2.tgz",
      "integrity": "sha1-88ogi1HxUjqPVxRH52pICqicCBs="
    }
  }
}
